// !$*UTF8*$!
{
	archiveVersion = 1;
	classes = {
	};
	objectVersion = 46;
	objects = {

/* Begin PBXBuildFile section */
		8C3B880614420A2600AC8549 /* UIKit.framework in Frameworks */ = {isa = PBXBuildFile; fileRef = 8C3B880514420A2600AC8549 /* UIKit.framework */; };
		8C3B880814420A2600AC8549 /* Foundation.framework in Frameworks */ = {isa = PBXBuildFile; fileRef = 8C3B880714420A2600AC8549 /* Foundation.framework */; };
		8C3B880A14420A2600AC8549 /* CoreGraphics.framework in Frameworks */ = {isa = PBXBuildFile; fileRef = 8C3B880914420A2600AC8549 /* CoreGraphics.framework */; };
		8C873012144812B300975B9E /* CoreData.framework in Frameworks */ = {isa = PBXBuildFile; fileRef = 8C873011144812B300975B9E /* CoreData.framework */; };
		8C8730171448145800975B9E /* ContentManager.xcdatamodeld in Sources */ = {isa = PBXBuildFile; fileRef = 8C8730151448145800975B9E /* ContentManager.xcdatamodeld */; };
		8CCB7C791444BD7000449035 /* Page2ViewController.m in Sources */ = {isa = PBXBuildFile; fileRef = 8CCB7C761444BD7000449035 /* Page2ViewController.m */; };
		8CCB7C7A1444BD7000449035 /* rootViewController.m in Sources */ = {isa = PBXBuildFile; fileRef = 8CCB7C781444BD7000449035 /* rootViewController.m */; };
		8CCB7C7D1444BD8800449035 /* ContentManagerAppDelegate.m in Sources */ = {isa = PBXBuildFile; fileRef = 8CCB7C7C1444BD8700449035 /* ContentManagerAppDelegate.m */; };
		8CCB7C8C1444BD9D00449035 /* ContentManagerAppDelegate_iPhone.m in Sources */ = {isa = PBXBuildFile; fileRef = 8CCB7C7F1444BD9D00449035 /* ContentManagerAppDelegate_iPhone.m */; };
		8CCB7C8D1444BD9D00449035 /* MainWindow_iPhone.xib in Resources */ = {isa = PBXBuildFile; fileRef = 8CCB7C811444BD9D00449035 /* MainWindow_iPhone.xib */; };
		8CCB7C8E1444BD9D00449035 /* Page1ViewController_iPhone.m in Sources */ = {isa = PBXBuildFile; fileRef = 8CCB7C841444BD9D00449035 /* Page1ViewController_iPhone.m */; };
		8CCB7C8F1444BD9D00449035 /* Page1ViewController_iPhone.xib in Resources */ = {isa = PBXBuildFile; fileRef = 8CCB7C851444BD9D00449035 /* Page1ViewController_iPhone.xib */; };
		8CCB7C901444BD9D00449035 /* Page2ViewController_iPhone.m in Sources */ = {isa = PBXBuildFile; fileRef = 8CCB7C871444BD9D00449035 /* Page2ViewController_iPhone.m */; };
		8CCB7C911444BD9D00449035 /* Page2ViewController_iPhone.xib in Resources */ = {isa = PBXBuildFile; fileRef = 8CCB7C881444BD9D00449035 /* Page2ViewController_iPhone.xib */; };
		8CCB7C921444BD9D00449035 /* rootViewController_iPhone.m in Sources */ = {isa = PBXBuildFile; fileRef = 8CCB7C8A1444BD9D00449035 /* rootViewController_iPhone.m */; };
		8CCB7C931444BD9D00449035 /* rootViewController_iPhone.xib in Resources */ = {isa = PBXBuildFile; fileRef = 8CCB7C8B1444BD9D00449035 /* rootViewController_iPhone.xib */; };
		8CCB7CA21444BDB500449035 /* ContentManagerAppDelegate_iPad.m in Sources */ = {isa = PBXBuildFile; fileRef = 8CCB7C951444BDB500449035 /* ContentManagerAppDelegate_iPad.m */; };
		8CCB7CA31444BDB500449035 /* MainWindow_iPad.xib in Resources */ = {isa = PBXBuildFile; fileRef = 8CCB7C971444BDB500449035 /* MainWindow_iPad.xib */; };
		8CCB7CA41444BDB500449035 /* Page1ViewController_iPad.m in Sources */ = {isa = PBXBuildFile; fileRef = 8CCB7C9A1444BDB500449035 /* Page1ViewController_iPad.m */; };
		8CCB7CA51444BDB500449035 /* Page1ViewController_iPad.xib in Resources */ = {isa = PBXBuildFile; fileRef = 8CCB7C9B1444BDB500449035 /* Page1ViewController_iPad.xib */; };
		8CCB7CA61444BDB500449035 /* Page2ViewController_iPad.m in Sources */ = {isa = PBXBuildFile; fileRef = 8CCB7C9D1444BDB500449035 /* Page2ViewController_iPad.m */; };
		8CCB7CA71444BDB500449035 /* Page2ViewController_iPad.xib in Resources */ = {isa = PBXBuildFile; fileRef = 8CCB7C9E1444BDB500449035 /* Page2ViewController_iPad.xib */; };
		8CCB7CA81444BDB500449035 /* rootViewController_iPad.m in Sources */ = {isa = PBXBuildFile; fileRef = 8CCB7CA01444BDB500449035 /* rootViewController_iPad.m */; };
		8CCB7CA91444BDB500449035 /* rootViewController_iPad.xib in Resources */ = {isa = PBXBuildFile; fileRef = 8CCB7CA11444BDB500449035 /* rootViewController_iPad.xib */; };
		8CCB7CB11444BDD000449035 /* InfoPlist.strings in Resources */ = {isa = PBXBuildFile; fileRef = 8CCB7CAD1444BDD000449035 /* InfoPlist.strings */; };
		8CCB7CB21444BDD000449035 /* main.m in Sources */ = {isa = PBXBuildFile; fileRef = 8CCB7CAF1444BDD000449035 /* main.m */; };
		8CCB7CB61444BE7B00449035 /* ContentManager.m in Sources */ = {isa = PBXBuildFile; fileRef = 8CCB7CB31444BE7B00449035 /* ContentManager.m */; };
		8CE51D3E1444BF8200A18BB9 /* Page1ViewController.m in Sources */ = {isa = PBXBuildFile; fileRef = 8CE51D3D1444BF8200A18BB9 /* Page1ViewController.m */; };
/* End PBXBuildFile section */

/* Begin PBXFileReference section */
		8C3B880114420A2600AC8549 /* ContentManager.app */ = {isa = PBXFileReference; explicitFileType = wrapper.application; includeInIndex = 0; path = ContentManager.app; sourceTree = BUILT_PRODUCTS_DIR; };
		8C3B880514420A2600AC8549 /* UIKit.framework */ = {isa = PBXFileReference; lastKnownFileType = wrapper.framework; name = UIKit.framework; path = System/Library/Frameworks/UIKit.framework; sourceTree = SDKROOT; };
		8C3B880714420A2600AC8549 /* Foundation.framework */ = {isa = PBXFileReference; lastKnownFileType = wrapper.framework; name = Foundation.framework; path = System/Library/Frameworks/Foundation.framework; sourceTree = SDKROOT; };
		8C3B880914420A2600AC8549 /* CoreGraphics.framework */ = {isa = PBXFileReference; lastKnownFileType = wrapper.framework; name = CoreGraphics.framework; path = System/Library/Frameworks/CoreGraphics.framework; sourceTree = SDKROOT; };
		8C873011144812B300975B9E /* CoreData.framework */ = {isa = PBXFileReference; lastKnownFileType = wrapper.framework; name = CoreData.framework; path = System/Library/Frameworks/CoreData.framework; sourceTree = SDKROOT; };
		8C8730161448145800975B9E /* ContentManager.xcdatamodel */ = {isa = PBXFileReference; lastKnownFileType = wrapper.xcdatamodel; path = ContentManager.xcdatamodel; sourceTree = "<group>"; };
		8CCB7C741444BD7000449035 /* Page1ViewController.h */ = {isa = PBXFileReference; fileEncoding = 4; lastKnownFileType = sourcecode.c.h; name = Page1ViewController.h; path = ContentManagerExamples/ViewControllers/Page1ViewController.h; sourceTree = SOURCE_ROOT; };
		8CCB7C751444BD7000449035 /* Page2ViewController.h */ = {isa = PBXFileReference; fileEncoding = 4; lastKnownFileType = sourcecode.c.h; name = Page2ViewController.h; path = ContentManagerExamples/ViewControllers/Page2ViewController.h; sourceTree = SOURCE_ROOT; };
		8CCB7C761444BD7000449035 /* Page2ViewController.m */ = {isa = PBXFileReference; fileEncoding = 4; lastKnownFileType = sourcecode.c.objc; name = Page2ViewController.m; path = ContentManagerExamples/ViewControllers/Page2ViewController.m; sourceTree = SOURCE_ROOT; };
		8CCB7C771444BD7000449035 /* rootViewController.h */ = {isa = PBXFileReference; fileEncoding = 4; lastKnownFileType = sourcecode.c.h; name = rootViewController.h; path = ContentManagerExamples/ViewControllers/rootViewController.h; sourceTree = SOURCE_ROOT; };
		8CCB7C781444BD7000449035 /* rootViewController.m */ = {isa = PBXFileReference; fileEncoding = 4; lastKnownFileType = sourcecode.c.objc; name = rootViewController.m; path = ContentManagerExamples/ViewControllers/rootViewController.m; sourceTree = SOURCE_ROOT; };
		8CCB7C7B1444BD8700449035 /* ContentManagerAppDelegate.h */ = {isa = PBXFileReference; fileEncoding = 4; lastKnownFileType = sourcecode.c.h; name = ContentManagerAppDelegate.h; path = ContentManagerExamples/ContentManagerAppDelegate.h; sourceTree = SOURCE_ROOT; };
		8CCB7C7C1444BD8700449035 /* ContentManagerAppDelegate.m */ = {isa = PBXFileReference; fileEncoding = 4; lastKnownFileType = sourcecode.c.objc; name = ContentManagerAppDelegate.m; path = ContentManagerExamples/ContentManagerAppDelegate.m; sourceTree = SOURCE_ROOT; };
		8CCB7C7E1444BD9D00449035 /* ContentManagerAppDelegate_iPhone.h */ = {isa = PBXFileReference; fileEncoding = 4; lastKnownFileType = sourcecode.c.h; name = ContentManagerAppDelegate_iPhone.h; path = ContentManagerExamples/iPhone/ContentManagerAppDelegate_iPhone.h; sourceTree = SOURCE_ROOT; };
		8CCB7C7F1444BD9D00449035 /* ContentManagerAppDelegate_iPhone.m */ = {isa = PBXFileReference; fileEncoding = 4; lastKnownFileType = sourcecode.c.objc; name = ContentManagerAppDelegate_iPhone.m; path = ContentManagerExamples/iPhone/ContentManagerAppDelegate_iPhone.m; sourceTree = SOURCE_ROOT; };
		8CCB7C821444BD9D00449035 /* en */ = {isa = PBXFileReference; lastKnownFileType = file.xib; name = en; path = MainWindow_iPhone.xib; sourceTree = "<group>"; };
		8CCB7C831444BD9D00449035 /* Page1ViewController_iPhone.h */ = {isa = PBXFileReference; fileEncoding = 4; lastKnownFileType = sourcecode.c.h; name = Page1ViewController_iPhone.h; path = ContentManagerExamples/iPhone/Page1ViewController_iPhone.h; sourceTree = SOURCE_ROOT; };
		8CCB7C841444BD9D00449035 /* Page1ViewController_iPhone.m */ = {isa = PBXFileReference; fileEncoding = 4; lastKnownFileType = sourcecode.c.objc; name = Page1ViewController_iPhone.m; path = ContentManagerExamples/iPhone/Page1ViewController_iPhone.m; sourceTree = SOURCE_ROOT; };
		8CCB7C851444BD9D00449035 /* Page1ViewController_iPhone.xib */ = {isa = PBXFileReference; fileEncoding = 4; lastKnownFileType = file.xib; name = Page1ViewController_iPhone.xib; path = ContentManagerExamples/iPhone/Page1ViewController_iPhone.xib; sourceTree = SOURCE_ROOT; };
		8CCB7C861444BD9D00449035 /* Page2ViewController_iPhone.h */ = {isa = PBXFileReference; fileEncoding = 4; lastKnownFileType = sourcecode.c.h; name = Page2ViewController_iPhone.h; path = ContentManagerExamples/iPhone/Page2ViewController_iPhone.h; sourceTree = SOURCE_ROOT; };
		8CCB7C871444BD9D00449035 /* Page2ViewController_iPhone.m */ = {isa = PBXFileReference; fileEncoding = 4; lastKnownFileType = sourcecode.c.objc; name = Page2ViewController_iPhone.m; path = ContentManagerExamples/iPhone/Page2ViewController_iPhone.m; sourceTree = SOURCE_ROOT; };
		8CCB7C881444BD9D00449035 /* Page2ViewController_iPhone.xib */ = {isa = PBXFileReference; fileEncoding = 4; lastKnownFileType = file.xib; name = Page2ViewController_iPhone.xib; path = ContentManagerExamples/iPhone/Page2ViewController_iPhone.xib; sourceTree = SOURCE_ROOT; };
		8CCB7C891444BD9D00449035 /* rootViewController_iPhone.h */ = {isa = PBXFileReference; fileEncoding = 4; lastKnownFileType = sourcecode.c.h; name = rootViewController_iPhone.h; path = ContentManagerExamples/iPhone/rootViewController_iPhone.h; sourceTree = SOURCE_ROOT; };
		8CCB7C8A1444BD9D00449035 /* rootViewController_iPhone.m */ = {isa = PBXFileReference; fileEncoding = 4; lastKnownFileType = sourcecode.c.objc; name = rootViewController_iPhone.m; path = ContentManagerExamples/iPhone/rootViewController_iPhone.m; sourceTree = SOURCE_ROOT; };
		8CCB7C8B1444BD9D00449035 /* rootViewController_iPhone.xib */ = {isa = PBXFileReference; fileEncoding = 4; lastKnownFileType = file.xib; name = rootViewController_iPhone.xib; path = ContentManagerExamples/iPhone/rootViewController_iPhone.xib; sourceTree = SOURCE_ROOT; };
		8CCB7C941444BDB500449035 /* ContentManagerAppDelegate_iPad.h */ = {isa = PBXFileReference; fileEncoding = 4; lastKnownFileType = sourcecode.c.h; name = ContentManagerAppDelegate_iPad.h; path = ContentManagerExamples/iPad/ContentManagerAppDelegate_iPad.h; sourceTree = SOURCE_ROOT; };
		8CCB7C951444BDB500449035 /* ContentManagerAppDelegate_iPad.m */ = {isa = PBXFileReference; fileEncoding = 4; lastKnownFileType = sourcecode.c.objc; name = ContentManagerAppDelegate_iPad.m; path = ContentManagerExamples/iPad/ContentManagerAppDelegate_iPad.m; sourceTree = SOURCE_ROOT; };
		8CCB7C981444BDB500449035 /* en */ = {isa = PBXFileReference; lastKnownFileType = file.xib; name = en; path = MainWindow_iPad.xib; sourceTree = "<group>"; };
		8CCB7C991444BDB500449035 /* Page1ViewController_iPad.h */ = {isa = PBXFileReference; fileEncoding = 4; lastKnownFileType = sourcecode.c.h; name = Page1ViewController_iPad.h; path = ContentManagerExamples/iPad/Page1ViewController_iPad.h; sourceTree = SOURCE_ROOT; };
		8CCB7C9A1444BDB500449035 /* Page1ViewController_iPad.m */ = {isa = PBXFileReference; fileEncoding = 4; lastKnownFileType = sourcecode.c.objc; name = Page1ViewController_iPad.m; path = ContentManagerExamples/iPad/Page1ViewController_iPad.m; sourceTree = SOURCE_ROOT; };
		8CCB7C9B1444BDB500449035 /* Page1ViewController_iPad.xib */ = {isa = PBXFileReference; fileEncoding = 4; lastKnownFileType = file.xib; name = Page1ViewController_iPad.xib; path = ContentManagerExamples/iPad/Page1ViewController_iPad.xib; sourceTree = SOURCE_ROOT; };
		8CCB7C9C1444BDB500449035 /* Page2ViewController_iPad.h */ = {isa = PBXFileReference; fileEncoding = 4; lastKnownFileType = sourcecode.c.h; name = Page2ViewController_iPad.h; path = ContentManagerExamples/iPad/Page2ViewController_iPad.h; sourceTree = SOURCE_ROOT; };
		8CCB7C9D1444BDB500449035 /* Page2ViewController_iPad.m */ = {isa = PBXFileReference; fileEncoding = 4; lastKnownFileType = sourcecode.c.objc; name = Page2ViewController_iPad.m; path = ContentManagerExamples/iPad/Page2ViewController_iPad.m; sourceTree = SOURCE_ROOT; };
		8CCB7C9E1444BDB500449035 /* Page2ViewController_iPad.xib */ = {isa = PBXFileReference; fileEncoding = 4; lastKnownFileType = file.xib; name = Page2ViewController_iPad.xib; path = ContentManagerExamples/iPad/Page2ViewController_iPad.xib; sourceTree = SOURCE_ROOT; };
		8CCB7C9F1444BDB500449035 /* rootViewController_iPad.h */ = {isa = PBXFileReference; fileEncoding = 4; lastKnownFileType = sourcecode.c.h; name = rootViewController_iPad.h; path = ContentManagerExamples/iPad/rootViewController_iPad.h; sourceTree = SOURCE_ROOT; };
		8CCB7CA01444BDB500449035 /* rootViewController_iPad.m */ = {isa = PBXFileReference; fileEncoding = 4; lastKnownFileType = sourcecode.c.objc; name = rootViewController_iPad.m; path = ContentManagerExamples/iPad/rootViewController_iPad.m; sourceTree = SOURCE_ROOT; };
		8CCB7CA11444BDB500449035 /* rootViewController_iPad.xib */ = {isa = PBXFileReference; fileEncoding = 4; lastKnownFileType = file.xib; name = rootViewController_iPad.xib; path = ContentManagerExamples/iPad/rootViewController_iPad.xib; sourceTree = SOURCE_ROOT; };
		8CCB7CAA1444BDD000449035 /* ContentManager-Info.plist */ = {isa = PBXFileReference; fileEncoding = 4; lastKnownFileType = text.plist.xml; name = "ContentManager-Info.plist"; path = "ContentManagerExamples/ContentManager-Info.plist"; sourceTree = SOURCE_ROOT; };
		8CCB7CAB1444BDD000449035 /* ContentManager-Prefix.pch */ = {isa = PBXFileReference; fileEncoding = 4; lastKnownFileType = sourcecode.c.h; name = "ContentManager-Prefix.pch"; path = "ContentManagerExamples/ContentManager-Prefix.pch"; sourceTree = SOURCE_ROOT; };
		8CCB7CAE1444BDD000449035 /* en */ = {isa = PBXFileReference; lastKnownFileType = text.plist.strings; name = en; path = InfoPlist.strings; sourceTree = "<group>"; };
		8CCB7CAF1444BDD000449035 /* main.m */ = {isa = PBXFileReference; fileEncoding = 4; lastKnownFileType = sourcecode.c.objc; name = main.m; path = ContentManagerExamples/main.m; sourceTree = SOURCE_ROOT; };
		8CCB7CB31444BE7B00449035 /* ContentManager.m */ = {isa = PBXFileReference; fileEncoding = 4; lastKnownFileType = sourcecode.c.objc; name = ContentManager.m; path = Managers/ContentManager.m; sourceTree = "<group>"; };
		8CCB7CB41444BE7B00449035 /* ContentManager.h */ = {isa = PBXFileReference; fileEncoding = 4; lastKnownFileType = sourcecode.c.h; name = ContentManager.h; path = Managers/ContentManager.h; sourceTree = "<group>"; };
		8CCB7CB51444BE7B00449035 /* SynthesizeSingleton.h */ = {isa = PBXFileReference; fileEncoding = 4; lastKnownFileType = sourcecode.c.h; name = SynthesizeSingleton.h; path = Managers/SynthesizeSingleton.h; sourceTree = "<group>"; };
		8CE51D3D1444BF8200A18BB9 /* Page1ViewController.m */ = {isa = PBXFileReference; fileEncoding = 4; lastKnownFileType = sourcecode.c.objc; name = Page1ViewController.m; path = ContentManagerExamples/ViewControllers/Page1ViewController.m; sourceTree = SOURCE_ROOT; };
/* End PBXFileReference section */

/* Begin PBXFrameworksBuildPhase section */
		8C3B87FE14420A2600AC8549 /* Frameworks */ = {
			isa = PBXFrameworksBuildPhase;
			buildActionMask = 2147483647;
			files = (
				8C873012144812B300975B9E /* CoreData.framework in Frameworks */,
				8C3B880614420A2600AC8549 /* UIKit.framework in Frameworks */,
				8C3B880814420A2600AC8549 /* Foundation.framework in Frameworks */,
				8C3B880A14420A2600AC8549 /* CoreGraphics.framework in Frameworks */,
			);
			runOnlyForDeploymentPostprocessing = 0;
		};
/* End PBXFrameworksBuildPhase section */

/* Begin PBXGroup section */
		8C3B87F614420A2500AC8549 = {
			isa = PBXGroup;
			children = (
				8C3B882A14420A5400AC8549 /* Managers */,
				8C3B880B14420A2600AC8549 /* ContentManagerExamples */,
				8C3B880414420A2600AC8549 /* Frameworks */,
				8C3B880214420A2600AC8549 /* Products */,
			);
			sourceTree = "<group>";
		};
		8C3B880214420A2600AC8549 /* Products */ = {
			isa = PBXGroup;
			children = (
				8C3B880114420A2600AC8549 /* ContentManager.app */,
			);
			name = Products;
			sourceTree = "<group>";
		};
		8C3B880414420A2600AC8549 /* Frameworks */ = {
			isa = PBXGroup;
			children = (
				8C3B880514420A2600AC8549 /* UIKit.framework */,
				8C3B880714420A2600AC8549 /* Foundation.framework */,
				8C3B880914420A2600AC8549 /* CoreGraphics.framework */,
				8C873011144812B300975B9E /* CoreData.framework */,
			);
			name = Frameworks;
			sourceTree = "<group>";
		};
		8C3B880B14420A2600AC8549 /* ContentManagerExamples */ = {
			isa = PBXGroup;
			children = (
				8C8730141448143900975B9E /* Models */,
				8CCB7C7B1444BD8700449035 /* ContentManagerAppDelegate.h */,
				8CCB7C7C1444BD8700449035 /* ContentManagerAppDelegate.m */,
				8CEE4ED914423B0800779A13 /* ViewControllers */,
				8C3B881714420A2600AC8549 /* iPhone */,
				8C3B881E14420A2600AC8549 /* iPad */,
				8C3B880C14420A2600AC8549 /* Supporting Files */,
			);
			name = ContentManagerExamples;
			path = ContentManager;
			sourceTree = "<group>";
		};
		8C3B880C14420A2600AC8549 /* Supporting Files */ = {
			isa = PBXGroup;
			children = (
				8CCB7CAA1444BDD000449035 /* ContentManager-Info.plist */,
				8CCB7CAB1444BDD000449035 /* ContentManager-Prefix.pch */,
				8CCB7CAC1444BDD000449035 /* en.lproj */,
				8CCB7CAF1444BDD000449035 /* main.m */,
			);
			name = "Supporting Files";
			sourceTree = "<group>";
		};
		8C3B881714420A2600AC8549 /* iPhone */ = {
			isa = PBXGroup;
			children = (
				8CCB7C7E1444BD9D00449035 /* ContentManagerAppDelegate_iPhone.h */,
				8CCB7C7F1444BD9D00449035 /* ContentManagerAppDelegate_iPhone.m */,
				8CCB7C801444BD9D00449035 /* en.lproj */,
				8CCB7C831444BD9D00449035 /* Page1ViewController_iPhone.h */,
				8CCB7C841444BD9D00449035 /* Page1ViewController_iPhone.m */,
				8CCB7C851444BD9D00449035 /* Page1ViewController_iPhone.xib */,
				8CCB7C861444BD9D00449035 /* Page2ViewController_iPhone.h */,
				8CCB7C871444BD9D00449035 /* Page2ViewController_iPhone.m */,
				8CCB7C881444BD9D00449035 /* Page2ViewController_iPhone.xib */,
				8CCB7C891444BD9D00449035 /* rootViewController_iPhone.h */,
				8CCB7C8A1444BD9D00449035 /* rootViewController_iPhone.m */,
				8CCB7C8B1444BD9D00449035 /* rootViewController_iPhone.xib */,
			);
			name = iPhone;
			sourceTree = "<group>";
		};
		8C3B881E14420A2600AC8549 /* iPad */ = {
			isa = PBXGroup;
			children = (
				8CCB7C941444BDB500449035 /* ContentManagerAppDelegate_iPad.h */,
				8CCB7C951444BDB500449035 /* ContentManagerAppDelegate_iPad.m */,
				8CCB7C961444BDB500449035 /* en.lproj */,
				8CCB7C991444BDB500449035 /* Page1ViewController_iPad.h */,
				8CCB7C9A1444BDB500449035 /* Page1ViewController_iPad.m */,
				8CCB7C9B1444BDB500449035 /* Page1ViewController_iPad.xib */,
				8CCB7C9C1444BDB500449035 /* Page2ViewController_iPad.h */,
				8CCB7C9D1444BDB500449035 /* Page2ViewController_iPad.m */,
				8CCB7C9E1444BDB500449035 /* Page2ViewController_iPad.xib */,
				8CCB7C9F1444BDB500449035 /* rootViewController_iPad.h */,
				8CCB7CA01444BDB500449035 /* rootViewController_iPad.m */,
				8CCB7CA11444BDB500449035 /* rootViewController_iPad.xib */,
			);
			name = iPad;
			sourceTree = "<group>";
		};
		8C3B882A14420A5400AC8549 /* Managers */ = {
			isa = PBXGroup;
			children = (
				8CCB7CB41444BE7B00449035 /* ContentManager.h */,
				8CCB7CB31444BE7B00449035 /* ContentManager.m */,
				8CCB7CB51444BE7B00449035 /* SynthesizeSingleton.h */,
			);
			name = Managers;
			sourceTree = "<group>";
		};
		8C8730141448143900975B9E /* Models */ = {
			isa = PBXGroup;
			children = (
				8C8730151448145800975B9E /* ContentManager.xcdatamodeld */,
			);
			name = Models;
			sourceTree = "<group>";
		};
		8CCB7C801444BD9D00449035 /* en.lproj */ = {
			isa = PBXGroup;
			children = (
				8CCB7C811444BD9D00449035 /* MainWindow_iPhone.xib */,
			);
			name = en.lproj;
			path = ContentManagerExamples/iPhone/en.lproj;
			sourceTree = SOURCE_ROOT;
		};
		8CCB7C961444BDB500449035 /* en.lproj */ = {
			isa = PBXGroup;
			children = (
				8CCB7C971444BDB500449035 /* MainWindow_iPad.xib */,
			);
			name = en.lproj;
			path = ContentManagerExamples/iPad/en.lproj;
			sourceTree = SOURCE_ROOT;
		};
		8CCB7CAC1444BDD000449035 /* en.lproj */ = {
			isa = PBXGroup;
			children = (
				8CCB7CAD1444BDD000449035 /* InfoPlist.strings */,
			);
			name = en.lproj;
			path = ContentManagerExamples/en.lproj;
			sourceTree = SOURCE_ROOT;
		};
		8CEE4ED914423B0800779A13 /* ViewControllers */ = {
			isa = PBXGroup;
			children = (
				8CCB7C771444BD7000449035 /* rootViewController.h */,
				8CCB7C781444BD7000449035 /* rootViewController.m */,
				8CCB7C741444BD7000449035 /* Page1ViewController.h */,
				8CE51D3D1444BF8200A18BB9 /* Page1ViewController.m */,
				8CCB7C751444BD7000449035 /* Page2ViewController.h */,
				8CCB7C761444BD7000449035 /* Page2ViewController.m */,
			);
			name = ViewControllers;
			sourceTree = "<group>";
		};
/* End PBXGroup section */

/* Begin PBXNativeTarget section */
		8C3B880014420A2600AC8549 /* ContentManager */ = {
			isa = PBXNativeTarget;
			buildConfigurationList = 8C3B882714420A2600AC8549 /* Build configuration list for PBXNativeTarget "ContentManager" */;
			buildPhases = (
				8C3B87FD14420A2600AC8549 /* Sources */,
				8C3B87FE14420A2600AC8549 /* Frameworks */,
				8C3B87FF14420A2600AC8549 /* Resources */,
			);
			buildRules = (
			);
			dependencies = (
			);
			name = ContentManager;
			productName = ContentManager;
			productReference = 8C3B880114420A2600AC8549 /* ContentManager.app */;
			productType = "com.apple.product-type.application";
		};
/* End PBXNativeTarget section */

/* Begin PBXProject section */
		8C3B87F814420A2600AC8549 /* Project object */ = {
			isa = PBXProject;
			buildConfigurationList = 8C3B87FB14420A2600AC8549 /* Build configuration list for PBXProject "ContentManager" */;
			compatibilityVersion = "Xcode 3.2";
			developmentRegion = English;
			hasScannedForEncodings = 0;
			knownRegions = (
				en,
			);
			mainGroup = 8C3B87F614420A2500AC8549;
			productRefGroup = 8C3B880214420A2600AC8549 /* Products */;
			projectDirPath = "";
			projectRoot = "";
			targets = (
				8C3B880014420A2600AC8549 /* ContentManager */,
			);
		};
/* End PBXProject section */

/* Begin PBXResourcesBuildPhase section */
		8C3B87FF14420A2600AC8549 /* Resources */ = {
			isa = PBXResourcesBuildPhase;
			buildActionMask = 2147483647;
			files = (
				8CCB7C8D1444BD9D00449035 /* MainWindow_iPhone.xib in Resources */,
				8CCB7C8F1444BD9D00449035 /* Page1ViewController_iPhone.xib in Resources */,
				8CCB7C911444BD9D00449035 /* Page2ViewController_iPhone.xib in Resources */,
				8CCB7C931444BD9D00449035 /* rootViewController_iPhone.xib in Resources */,
				8CCB7CA31444BDB500449035 /* MainWindow_iPad.xib in Resources */,
				8CCB7CA51444BDB500449035 /* Page1ViewController_iPad.xib in Resources */,
				8CCB7CA71444BDB500449035 /* Page2ViewController_iPad.xib in Resources */,
				8CCB7CA91444BDB500449035 /* rootViewController_iPad.xib in Resources */,
				8CCB7CB11444BDD000449035 /* InfoPlist.strings in Resources */,
			);
			runOnlyForDeploymentPostprocessing = 0;
		};
/* End PBXResourcesBuildPhase section */

/* Begin PBXSourcesBuildPhase section */
		8C3B87FD14420A2600AC8549 /* Sources */ = {
			isa = PBXSourcesBuildPhase;
			buildActionMask = 2147483647;
			files = (
				8CCB7C791444BD7000449035 /* Page2ViewController.m in Sources */,
				8CCB7C7A1444BD7000449035 /* rootViewController.m in Sources */,
				8CCB7C7D1444BD8800449035 /* ContentManagerAppDelegate.m in Sources */,
				8CCB7C8C1444BD9D00449035 /* ContentManagerAppDelegate_iPhone.m in Sources */,
				8CCB7C8E1444BD9D00449035 /* Page1ViewController_iPhone.m in Sources */,
				8CCB7C901444BD9D00449035 /* Page2ViewController_iPhone.m in Sources */,
				8CCB7C921444BD9D00449035 /* rootViewController_iPhone.m in Sources */,
				8CCB7CA21444BDB500449035 /* ContentManagerAppDelegate_iPad.m in Sources */,
				8CCB7CA41444BDB500449035 /* Page1ViewController_iPad.m in Sources */,
				8CCB7CA61444BDB500449035 /* Page2ViewController_iPad.m in Sources */,
				8CCB7CA81444BDB500449035 /* rootViewController_iPad.m in Sources */,
				8CCB7CB21444BDD000449035 /* main.m in Sources */,
				8CCB7CB61444BE7B00449035 /* ContentManager.m in Sources */,
				8CE51D3E1444BF8200A18BB9 /* Page1ViewController.m in Sources */,
				8C8730171448145800975B9E /* ContentManager.xcdatamodeld in Sources */,
			);
			runOnlyForDeploymentPostprocessing = 0;
		};
/* End PBXSourcesBuildPhase section */

/* Begin PBXVariantGroup section */
		8CCB7C811444BD9D00449035 /* MainWindow_iPhone.xib */ = {
			isa = PBXVariantGroup;
			children = (
				8CCB7C821444BD9D00449035 /* en */,
			);
			name = MainWindow_iPhone.xib;
			sourceTree = "<group>";
		};
		8CCB7C971444BDB500449035 /* MainWindow_iPad.xib */ = {
			isa = PBXVariantGroup;
			children = (
				8CCB7C981444BDB500449035 /* en */,
			);
			name = MainWindow_iPad.xib;
			sourceTree = "<group>";
		};
		8CCB7CAD1444BDD000449035 /* InfoPlist.strings */ = {
			isa = PBXVariantGroup;
			children = (
				8CCB7CAE1444BDD000449035 /* en */,
			);
			name = InfoPlist.strings;
			sourceTree = "<group>";
		};
/* End PBXVariantGroup section */

/* Begin XCBuildConfiguration section */
		8C3B882514420A2600AC8549 /* Debug */ = {
			isa = XCBuildConfiguration;
			buildSettings = {
				ARCHS = "$(ARCHS_STANDARD_32_BIT)";
				"CODE_SIGN_IDENTITY[sdk=iphoneos*]" = "iPhone Developer";
				GCC_C_LANGUAGE_STANDARD = gnu99;
				GCC_OPTIMIZATION_LEVEL = 0;
				GCC_PREPROCESSOR_DEFINITIONS = DEBUG;
				GCC_SYMBOLS_PRIVATE_EXTERN = NO;
				GCC_VERSION = com.apple.compilers.llvmgcc42;
				GCC_WARN_ABOUT_RETURN_TYPE = YES;
				GCC_WARN_UNUSED_VARIABLE = YES;
				IPHONEOS_DEPLOYMENT_TARGET = 4.3;
				SDKROOT = iphoneos;
				TARGETED_DEVICE_FAMILY = "1,2";
			};
			name = Debug;
		};
		8C3B882614420A2600AC8549 /* Release */ = {
			isa = XCBuildConfiguration;
			buildSettings = {
				ARCHS = "$(ARCHS_STANDARD_32_BIT)";
				"CODE_SIGN_IDENTITY[sdk=iphoneos*]" = "iPhone Developer";
				GCC_C_LANGUAGE_STANDARD = gnu99;
				GCC_VERSION = com.apple.compilers.llvmgcc42;
				GCC_WARN_ABOUT_RETURN_TYPE = YES;
				GCC_WARN_UNUSED_VARIABLE = YES;
				IPHONEOS_DEPLOYMENT_TARGET = 4.3;
				OTHER_CFLAGS = "-DNS_BLOCK_ASSERTIONS=1";
				SDKROOT = iphoneos;
				TARGETED_DEVICE_FAMILY = "1,2";
			};
			name = Release;
		};
		8C3B882814420A2600AC8549 /* Debug */ = {
			isa = XCBuildConfiguration;
			buildSettings = {
				ALWAYS_SEARCH_USER_PATHS = NO;
				COPY_PHASE_STRIP = NO;
				GCC_DYNAMIC_NO_PIC = NO;
				GCC_PRECOMPILE_PREFIX_HEADER = YES;
				GCC_PREFIX_HEADER = "ContentManagerExamples/ContentManager-Prefix.pch";
				INFOPLIST_FILE = "ContentManagerExamples/ContentManager-Info.plist";
				IPHONEOS_DEPLOYMENT_TARGET = 4.3;
				PRODUCT_NAME = "$(TARGET_NAME)";
				WRAPPER_EXTENSION = app;
			};
			name = Debug;
		};
		8C3B882914420A2600AC8549 /* Release */ = {
			isa = XCBuildConfiguration;
			buildSettings = {
				ALWAYS_SEARCH_USER_PATHS = NO;
				COPY_PHASE_STRIP = YES;
				GCC_PRECOMPILE_PREFIX_HEADER = YES;
				GCC_PREFIX_HEADER = "ContentManagerExamples/ContentManager-Prefix.pch";
				INFOPLIST_FILE = "ContentManagerExamples/ContentManager-Info.plist";
				IPHONEOS_DEPLOYMENT_TARGET = 4.3;
				PRODUCT_NAME = "$(TARGET_NAME)";
				VALIDATE_PRODUCT = YES;
				WRAPPER_EXTENSION = app;
			};
			name = Release;
		};
/* End XCBuildConfiguration section */

/* Begin XCConfigurationList section */
		8C3B87FB14420A2600AC8549 /* Build configuration list for PBXProject "ContentManager" */ = {
			isa = XCConfigurationList;
			buildConfigurations = (
				8C3B882514420A2600AC8549 /* Debug */,
				8C3B882614420A2600AC8549 /* Release */,
			);
			defaultConfigurationIsVisible = 0;
			defaultConfigurationName = Release;
		};
		8C3B882714420A2600AC8549 /* Build configuration list for PBXNativeTarget "ContentManager" */ = {
			isa = XCConfigurationList;
			buildConfigurations = (
				8C3B882814420A2600AC8549 /* Debug */,
				8C3B882914420A2600AC8549 /* Release */,
			);
			defaultConfigurationIsVisible = 0;
			defaultConfigurationName = Release;
		};
/* End XCConfigurationList section */

/* Begin XCVersionGroup section */
		8C8730151448145800975B9E /* ContentManager.xcdatamodeld */ = {
			isa = XCVersionGroup;
			children = (
				8C8730161448145800975B9E /* ContentManager.xcdatamodel */,
			);
			currentVersion = 8C8730161448145800975B9E /* ContentManager.xcdatamodel */;
			path = ContentManager.xcdatamodeld;
			sourceTree = SOURCE_ROOT;
			versionGroupType = wrapper.xcdatamodel;
		};
/* End XCVersionGroup section */
	};
	rootObject = 8C3B87F814420A2600AC8549 /* Project object */;
}
