// !$*UTF8*$!
{
	archiveVersion = 1;
	classes = {
	};
	objectVersion = 46;
	objects = {

/* Begin PBXBuildFile section */
		8C3B880614420A2600AC8549 /* UIKit.framework in Frameworks */ = {isa = PBXBuildFile; fileRef = 8C3B880514420A2600AC8549 /* UIKit.framework */; };
		8C3B880814420A2600AC8549 /* Foundation.framework in Frameworks */ = {isa = PBXBuildFile; fileRef = 8C3B880714420A2600AC8549 /* Foundation.framework */; };
		8C3B880A14420A2600AC8549 /* CoreGraphics.framework in Frameworks */ = {isa = PBXBuildFile; fileRef = 8C3B880914420A2600AC8549 /* CoreGraphics.framework */; };
		8C3B881014420A2600AC8549 /* InfoPlist.strings in Resources */ = {isa = PBXBuildFile; fileRef = 8C3B880E14420A2600AC8549 /* InfoPlist.strings */; };
		8C3B881314420A2600AC8549 /* main.m in Sources */ = {isa = PBXBuildFile; fileRef = 8C3B881214420A2600AC8549 /* main.m */; };
		8C3B881614420A2600AC8549 /* ContentManagerAppDelegate.m in Sources */ = {isa = PBXBuildFile; fileRef = 8C3B881514420A2600AC8549 /* ContentManagerAppDelegate.m */; };
		8C3B881A14420A2600AC8549 /* ContentManagerAppDelegate_iPhone.m in Sources */ = {isa = PBXBuildFile; fileRef = 8C3B881914420A2600AC8549 /* ContentManagerAppDelegate_iPhone.m */; };
		8C3B881D14420A2600AC8549 /* MainWindow_iPhone.xib in Resources */ = {isa = PBXBuildFile; fileRef = 8C3B881B14420A2600AC8549 /* MainWindow_iPhone.xib */; };
		8C3B882114420A2600AC8549 /* ContentManagerAppDelegate_iPad.m in Sources */ = {isa = PBXBuildFile; fileRef = 8C3B882014420A2600AC8549 /* ContentManagerAppDelegate_iPad.m */; };
		8C3B882414420A2600AC8549 /* MainWindow_iPad.xib in Resources */ = {isa = PBXBuildFile; fileRef = 8C3B882214420A2600AC8549 /* MainWindow_iPad.xib */; };
		8C3B882E14420C4400AC8549 /* ContentManager.m in Sources */ = {isa = PBXBuildFile; fileRef = 8C3B882D14420C4400AC8549 /* ContentManager.m */; };
		8C84711214438367006FD57D /* Page1ViewController.m in Sources */ = {isa = PBXBuildFile; fileRef = 8C84711114438367006FD57D /* Page1ViewController.m */; };
		8C84711614438383006FD57D /* Page1ViewController_iPhone.m in Sources */ = {isa = PBXBuildFile; fileRef = 8C84711414438382006FD57D /* Page1ViewController_iPhone.m */; };
		8C84711714438383006FD57D /* Page1ViewController_iPhone.xib in Resources */ = {isa = PBXBuildFile; fileRef = 8C84711514438382006FD57D /* Page1ViewController_iPhone.xib */; };
		8C84711B14438620006FD57D /* Page1ViewController_iPad.m in Sources */ = {isa = PBXBuildFile; fileRef = 8C84711914438620006FD57D /* Page1ViewController_iPad.m */; };
		8C84711C14438620006FD57D /* Page1ViewController_iPad.xib in Resources */ = {isa = PBXBuildFile; fileRef = 8C84711A14438620006FD57D /* Page1ViewController_iPad.xib */; };
		8C84711F14438942006FD57D /* Page2ViewController.m in Sources */ = {isa = PBXBuildFile; fileRef = 8C84711E14438942006FD57D /* Page2ViewController.m */; };
		8C8471231443895D006FD57D /* Page2ViewController_iPhone.m in Sources */ = {isa = PBXBuildFile; fileRef = 8C8471211443895D006FD57D /* Page2ViewController_iPhone.m */; };
		8C8471241443895D006FD57D /* Page2ViewController_iPhone.xib in Resources */ = {isa = PBXBuildFile; fileRef = 8C8471221443895D006FD57D /* Page2ViewController_iPhone.xib */; };
		8C84712814438976006FD57D /* Page2ViewController_iPad.m in Sources */ = {isa = PBXBuildFile; fileRef = 8C84712614438976006FD57D /* Page2ViewController_iPad.m */; };
		8C84712914438976006FD57D /* Page2ViewController_iPad.xib in Resources */ = {isa = PBXBuildFile; fileRef = 8C84712714438976006FD57D /* Page2ViewController_iPad.xib */; };
		8CEE4EDD14423B5700779A13 /* rootViewController.m in Sources */ = {isa = PBXBuildFile; fileRef = 8CEE4EDC14423B5700779A13 /* rootViewController.m */; };
		8CEE4EE114423B9500779A13 /* rootViewController_iPhone.m in Sources */ = {isa = PBXBuildFile; fileRef = 8CEE4EDF14423B9500779A13 /* rootViewController_iPhone.m */; };
		8CEE4EE214423B9500779A13 /* rootViewController_iPhone.xib in Resources */ = {isa = PBXBuildFile; fileRef = 8CEE4EE014423B9500779A13 /* rootViewController_iPhone.xib */; };
		8CEE4EE614423E0F00779A13 /* rootViewController_iPad.m in Sources */ = {isa = PBXBuildFile; fileRef = 8CEE4EE414423E0F00779A13 /* rootViewController_iPad.m */; };
		8CEE4EE714423E0F00779A13 /* rootViewController_iPad.xib in Resources */ = {isa = PBXBuildFile; fileRef = 8CEE4EE514423E0F00779A13 /* rootViewController_iPad.xib */; };
/* End PBXBuildFile section */

/* Begin PBXFileReference section */
		8C3B880114420A2600AC8549 /* ContentManager.app */ = {isa = PBXFileReference; explicitFileType = wrapper.application; includeInIndex = 0; path = ContentManager.app; sourceTree = BUILT_PRODUCTS_DIR; };
		8C3B880514420A2600AC8549 /* UIKit.framework */ = {isa = PBXFileReference; lastKnownFileType = wrapper.framework; name = UIKit.framework; path = System/Library/Frameworks/UIKit.framework; sourceTree = SDKROOT; };
		8C3B880714420A2600AC8549 /* Foundation.framework */ = {isa = PBXFileReference; lastKnownFileType = wrapper.framework; name = Foundation.framework; path = System/Library/Frameworks/Foundation.framework; sourceTree = SDKROOT; };
		8C3B880914420A2600AC8549 /* CoreGraphics.framework */ = {isa = PBXFileReference; lastKnownFileType = wrapper.framework; name = CoreGraphics.framework; path = System/Library/Frameworks/CoreGraphics.framework; sourceTree = SDKROOT; };
		8C3B880D14420A2600AC8549 /* ContentManager-Info.plist */ = {isa = PBXFileReference; lastKnownFileType = text.plist.xml; path = "ContentManager-Info.plist"; sourceTree = "<group>"; };
		8C3B880F14420A2600AC8549 /* en */ = {isa = PBXFileReference; lastKnownFileType = text.plist.strings; name = en; path = en.lproj/InfoPlist.strings; sourceTree = "<group>"; };
		8C3B881114420A2600AC8549 /* ContentManager-Prefix.pch */ = {isa = PBXFileReference; lastKnownFileType = sourcecode.c.h; path = "ContentManager-Prefix.pch"; sourceTree = "<group>"; };
		8C3B881214420A2600AC8549 /* main.m */ = {isa = PBXFileReference; lastKnownFileType = sourcecode.c.objc; lineEnding = 0; path = main.m; sourceTree = "<group>"; xcLanguageSpecificationIdentifier = xcode.lang.objc; };
		8C3B881414420A2600AC8549 /* ContentManagerAppDelegate.h */ = {isa = PBXFileReference; lastKnownFileType = sourcecode.c.h; lineEnding = 0; path = ContentManagerAppDelegate.h; sourceTree = "<group>"; xcLanguageSpecificationIdentifier = xcode.lang.objcpp; };
		8C3B881514420A2600AC8549 /* ContentManagerAppDelegate.m */ = {isa = PBXFileReference; lastKnownFileType = sourcecode.c.objc; lineEnding = 0; path = ContentManagerAppDelegate.m; sourceTree = "<group>"; xcLanguageSpecificationIdentifier = xcode.lang.objc; };
		8C3B881814420A2600AC8549 /* ContentManagerAppDelegate_iPhone.h */ = {isa = PBXFileReference; lastKnownFileType = sourcecode.c.h; lineEnding = 0; name = ContentManagerAppDelegate_iPhone.h; path = iPhone/ContentManagerAppDelegate_iPhone.h; sourceTree = "<group>"; xcLanguageSpecificationIdentifier = xcode.lang.objcpp; };
		8C3B881914420A2600AC8549 /* ContentManagerAppDelegate_iPhone.m */ = {isa = PBXFileReference; lastKnownFileType = sourcecode.c.objc; lineEnding = 0; name = ContentManagerAppDelegate_iPhone.m; path = iPhone/ContentManagerAppDelegate_iPhone.m; sourceTree = "<group>"; xcLanguageSpecificationIdentifier = xcode.lang.objc; };
		8C3B881C14420A2600AC8549 /* en */ = {isa = PBXFileReference; lastKnownFileType = file.xib; name = en; path = iPhone/en.lproj/MainWindow_iPhone.xib; sourceTree = "<group>"; };
		8C3B881F14420A2600AC8549 /* ContentManagerAppDelegate_iPad.h */ = {isa = PBXFileReference; lastKnownFileType = sourcecode.c.h; lineEnding = 0; name = ContentManagerAppDelegate_iPad.h; path = iPad/ContentManagerAppDelegate_iPad.h; sourceTree = "<group>"; xcLanguageSpecificationIdentifier = xcode.lang.objcpp; };
		8C3B882014420A2600AC8549 /* ContentManagerAppDelegate_iPad.m */ = {isa = PBXFileReference; lastKnownFileType = sourcecode.c.objc; lineEnding = 0; name = ContentManagerAppDelegate_iPad.m; path = iPad/ContentManagerAppDelegate_iPad.m; sourceTree = "<group>"; xcLanguageSpecificationIdentifier = xcode.lang.objc; };
		8C3B882314420A2600AC8549 /* en */ = {isa = PBXFileReference; lastKnownFileType = file.xib; name = en; path = iPad/en.lproj/MainWindow_iPad.xib; sourceTree = "<group>"; };
		8C3B882B14420C0000AC8549 /* SynthesizeSingleton.h */ = {isa = PBXFileReference; fileEncoding = 4; lastKnownFileType = sourcecode.c.h; path = SynthesizeSingleton.h; sourceTree = "<group>"; };
		8C3B882C14420C4400AC8549 /* ContentManager.h */ = {isa = PBXFileReference; fileEncoding = 4; lastKnownFileType = sourcecode.c.h; path = ContentManager.h; sourceTree = "<group>"; };
		8C3B882D14420C4400AC8549 /* ContentManager.m */ = {isa = PBXFileReference; fileEncoding = 4; lastKnownFileType = sourcecode.c.objc; path = ContentManager.m; sourceTree = "<group>"; };
		8C84711014438367006FD57D /* Page1ViewController.h */ = {isa = PBXFileReference; fileEncoding = 4; lastKnownFileType = sourcecode.c.h; path = Page1ViewController.h; sourceTree = "<group>"; };
		8C84711114438367006FD57D /* Page1ViewController.m */ = {isa = PBXFileReference; fileEncoding = 4; lastKnownFileType = sourcecode.c.objc; path = Page1ViewController.m; sourceTree = "<group>"; };
		8C84711314438382006FD57D /* Page1ViewController_iPhone.h */ = {isa = PBXFileReference; fileEncoding = 4; lastKnownFileType = sourcecode.c.h; path = Page1ViewController_iPhone.h; sourceTree = "<group>"; };
		8C84711414438382006FD57D /* Page1ViewController_iPhone.m */ = {isa = PBXFileReference; fileEncoding = 4; lastKnownFileType = sourcecode.c.objc; path = Page1ViewController_iPhone.m; sourceTree = "<group>"; };
		8C84711514438382006FD57D /* Page1ViewController_iPhone.xib */ = {isa = PBXFileReference; fileEncoding = 4; lastKnownFileType = file.xib; path = Page1ViewController_iPhone.xib; sourceTree = "<group>"; };
		8C84711814438620006FD57D /* Page1ViewController_iPad.h */ = {isa = PBXFileReference; fileEncoding = 4; lastKnownFileType = sourcecode.c.h; path = Page1ViewController_iPad.h; sourceTree = "<group>"; };
		8C84711914438620006FD57D /* Page1ViewController_iPad.m */ = {isa = PBXFileReference; fileEncoding = 4; lastKnownFileType = sourcecode.c.objc; path = Page1ViewController_iPad.m; sourceTree = "<group>"; };
		8C84711A14438620006FD57D /* Page1ViewController_iPad.xib */ = {isa = PBXFileReference; fileEncoding = 4; lastKnownFileType = file.xib; path = Page1ViewController_iPad.xib; sourceTree = "<group>"; };
		8C84711D14438942006FD57D /* Page2ViewController.h */ = {isa = PBXFileReference; fileEncoding = 4; lastKnownFileType = sourcecode.c.h; path = Page2ViewController.h; sourceTree = "<group>"; };
		8C84711E14438942006FD57D /* Page2ViewController.m */ = {isa = PBXFileReference; fileEncoding = 4; lastKnownFileType = sourcecode.c.objc; path = Page2ViewController.m; sourceTree = "<group>"; };
		8C8471201443895D006FD57D /* Page2ViewController_iPhone.h */ = {isa = PBXFileReference; fileEncoding = 4; lastKnownFileType = sourcecode.c.h; path = Page2ViewController_iPhone.h; sourceTree = "<group>"; };
		8C8471211443895D006FD57D /* Page2ViewController_iPhone.m */ = {isa = PBXFileReference; fileEncoding = 4; lastKnownFileType = sourcecode.c.objc; path = Page2ViewController_iPhone.m; sourceTree = "<group>"; };
		8C8471221443895D006FD57D /* Page2ViewController_iPhone.xib */ = {isa = PBXFileReference; fileEncoding = 4; lastKnownFileType = file.xib; path = Page2ViewController_iPhone.xib; sourceTree = "<group>"; };
		8C84712514438976006FD57D /* Page2ViewController_iPad.h */ = {isa = PBXFileReference; fileEncoding = 4; lastKnownFileType = sourcecode.c.h; path = Page2ViewController_iPad.h; sourceTree = "<group>"; };
		8C84712614438976006FD57D /* Page2ViewController_iPad.m */ = {isa = PBXFileReference; fileEncoding = 4; lastKnownFileType = sourcecode.c.objc; path = Page2ViewController_iPad.m; sourceTree = "<group>"; };
		8C84712714438976006FD57D /* Page2ViewController_iPad.xib */ = {isa = PBXFileReference; fileEncoding = 4; lastKnownFileType = file.xib; path = Page2ViewController_iPad.xib; sourceTree = "<group>"; };
		8CEE4EDB14423B5700779A13 /* rootViewController.h */ = {isa = PBXFileReference; fileEncoding = 4; lastKnownFileType = sourcecode.c.h; lineEnding = 0; path = rootViewController.h; sourceTree = "<group>"; xcLanguageSpecificationIdentifier = xcode.lang.objcpp; };
		8CEE4EDC14423B5700779A13 /* rootViewController.m */ = {isa = PBXFileReference; fileEncoding = 4; lastKnownFileType = sourcecode.c.objc; lineEnding = 0; path = rootViewController.m; sourceTree = "<group>"; xcLanguageSpecificationIdentifier = xcode.lang.objc; };
		8CEE4EDE14423B9500779A13 /* rootViewController_iPhone.h */ = {isa = PBXFileReference; fileEncoding = 4; lastKnownFileType = sourcecode.c.h; lineEnding = 0; path = rootViewController_iPhone.h; sourceTree = "<group>"; xcLanguageSpecificationIdentifier = xcode.lang.objcpp; };
		8CEE4EDF14423B9500779A13 /* rootViewController_iPhone.m */ = {isa = PBXFileReference; fileEncoding = 4; lastKnownFileType = sourcecode.c.objc; lineEnding = 0; path = rootViewController_iPhone.m; sourceTree = "<group>"; xcLanguageSpecificationIdentifier = xcode.lang.objc; };
		8CEE4EE014423B9500779A13 /* rootViewController_iPhone.xib */ = {isa = PBXFileReference; fileEncoding = 4; lastKnownFileType = file.xib; path = rootViewController_iPhone.xib; sourceTree = "<group>"; };
		8CEE4EE314423E0F00779A13 /* rootViewController_iPad.h */ = {isa = PBXFileReference; fileEncoding = 4; lastKnownFileType = sourcecode.c.h; path = rootViewController_iPad.h; sourceTree = "<group>"; };
		8CEE4EE414423E0F00779A13 /* rootViewController_iPad.m */ = {isa = PBXFileReference; fileEncoding = 4; lastKnownFileType = sourcecode.c.objc; path = rootViewController_iPad.m; sourceTree = "<group>"; };
		8CEE4EE514423E0F00779A13 /* rootViewController_iPad.xib */ = {isa = PBXFileReference; fileEncoding = 4; lastKnownFileType = file.xib; path = rootViewController_iPad.xib; sourceTree = "<group>"; };
/* End PBXFileReference section */

/* Begin PBXFrameworksBuildPhase section */
		8C3B87FE14420A2600AC8549 /* Frameworks */ = {
			isa = PBXFrameworksBuildPhase;
			buildActionMask = 2147483647;
			files = (
				8C3B880614420A2600AC8549 /* UIKit.framework in Frameworks */,
				8C3B880814420A2600AC8549 /* Foundation.framework in Frameworks */,
				8C3B880A14420A2600AC8549 /* CoreGraphics.framework in Frameworks */,
			);
			runOnlyForDeploymentPostprocessing = 0;
		};
/* End PBXFrameworksBuildPhase section */

/* Begin PBXGroup section */
		8C3B87F614420A2500AC8549 = {
			isa = PBXGroup;
			children = (
				8C3B882A14420A5400AC8549 /* Managers */,
				8C3B880B14420A2600AC8549 /* ContentManagerExamples */,
				8C3B880414420A2600AC8549 /* Frameworks */,
				8C3B880214420A2600AC8549 /* Products */,
			);
			sourceTree = "<group>";
		};
		8C3B880214420A2600AC8549 /* Products */ = {
			isa = PBXGroup;
			children = (
				8C3B880114420A2600AC8549 /* ContentManager.app */,
			);
			name = Products;
			sourceTree = "<group>";
		};
		8C3B880414420A2600AC8549 /* Frameworks */ = {
			isa = PBXGroup;
			children = (
				8C3B880514420A2600AC8549 /* UIKit.framework */,
				8C3B880714420A2600AC8549 /* Foundation.framework */,
				8C3B880914420A2600AC8549 /* CoreGraphics.framework */,
			);
			name = Frameworks;
			sourceTree = "<group>";
		};
		8C3B880B14420A2600AC8549 /* ContentManagerExamples */ = {
			isa = PBXGroup;
			children = (
				8CEE4ED914423B0800779A13 /* ViewControllers */,
				8C3B881414420A2600AC8549 /* ContentManagerAppDelegate.h */,
				8C3B881514420A2600AC8549 /* ContentManagerAppDelegate.m */,
				8C3B881714420A2600AC8549 /* iPhone */,
				8C3B881E14420A2600AC8549 /* iPad */,
				8C3B880C14420A2600AC8549 /* Supporting Files */,
			);
			name = ContentManagerExamples;
			path = ContentManager;
			sourceTree = "<group>";
		};
		8C3B880C14420A2600AC8549 /* Supporting Files */ = {
			isa = PBXGroup;
			children = (
				8C3B880D14420A2600AC8549 /* ContentManager-Info.plist */,
				8C3B880E14420A2600AC8549 /* InfoPlist.strings */,
				8C3B881114420A2600AC8549 /* ContentManager-Prefix.pch */,
				8C3B881214420A2600AC8549 /* main.m */,
			);
			name = "Supporting Files";
			sourceTree = "<group>";
		};
		8C3B881714420A2600AC8549 /* iPhone */ = {
			isa = PBXGroup;
			children = (
				8C3B881814420A2600AC8549 /* ContentManagerAppDelegate_iPhone.h */,
				8C3B881914420A2600AC8549 /* ContentManagerAppDelegate_iPhone.m */,
				8C3B881B14420A2600AC8549 /* MainWindow_iPhone.xib */,
				8CEE4EDE14423B9500779A13 /* rootViewController_iPhone.h */,
				8CEE4EDF14423B9500779A13 /* rootViewController_iPhone.m */,
				8CEE4EE014423B9500779A13 /* rootViewController_iPhone.xib */,
				8C84711314438382006FD57D /* Page1ViewController_iPhone.h */,
				8C84711414438382006FD57D /* Page1ViewController_iPhone.m */,
				8C84711514438382006FD57D /* Page1ViewController_iPhone.xib */,
				8C8471201443895D006FD57D /* Page2ViewController_iPhone.h */,
				8C8471211443895D006FD57D /* Page2ViewController_iPhone.m */,
				8C8471221443895D006FD57D /* Page2ViewController_iPhone.xib */,
			);
			name = iPhone;
			sourceTree = "<group>";
		};
		8C3B881E14420A2600AC8549 /* iPad */ = {
			isa = PBXGroup;
			children = (
				8C3B881F14420A2600AC8549 /* ContentManagerAppDelegate_iPad.h */,
				8C3B882014420A2600AC8549 /* ContentManagerAppDelegate_iPad.m */,
				8C3B882214420A2600AC8549 /* MainWindow_iPad.xib */,
				8CEE4EE314423E0F00779A13 /* rootViewController_iPad.h */,
				8CEE4EE414423E0F00779A13 /* rootViewController_iPad.m */,
				8CEE4EE514423E0F00779A13 /* rootViewController_iPad.xib */,
				8C84711814438620006FD57D /* Page1ViewController_iPad.h */,
				8C84711914438620006FD57D /* Page1ViewController_iPad.m */,
				8C84711A14438620006FD57D /* Page1ViewController_iPad.xib */,
				8C84712514438976006FD57D /* Page2ViewController_iPad.h */,
				8C84712614438976006FD57D /* Page2ViewController_iPad.m */,
				8C84712714438976006FD57D /* Page2ViewController_iPad.xib */,
			);
			name = iPad;
			sourceTree = "<group>";
		};
		8C3B882A14420A5400AC8549 /* Managers */ = {
			isa = PBXGroup;
			children = (
				8C3B882B14420C0000AC8549 /* SynthesizeSingleton.h */,
				8C3B882C14420C4400AC8549 /* ContentManager.h */,
				8C3B882D14420C4400AC8549 /* ContentManager.m */,
			);
			name = Managers;
			sourceTree = "<group>";
		};
		8CEE4ED914423B0800779A13 /* ViewControllers */ = {
			isa = PBXGroup;
			children = (
				8CEE4EDB14423B5700779A13 /* rootViewController.h */,
				8CEE4EDC14423B5700779A13 /* rootViewController.m */,
				8C84711014438367006FD57D /* Page1ViewController.h */,
				8C84711114438367006FD57D /* Page1ViewController.m */,
				8C84711D14438942006FD57D /* Page2ViewController.h */,
				8C84711E14438942006FD57D /* Page2ViewController.m */,
			);
			name = ViewControllers;
			sourceTree = "<group>";
		};
/* End PBXGroup section */

/* Begin PBXNativeTarget section */
		8C3B880014420A2600AC8549 /* ContentManager */ = {
			isa = PBXNativeTarget;
			buildConfigurationList = 8C3B882714420A2600AC8549 /* Build configuration list for PBXNativeTarget "ContentManager" */;
			buildPhases = (
				8C3B87FD14420A2600AC8549 /* Sources */,
				8C3B87FE14420A2600AC8549 /* Frameworks */,
				8C3B87FF14420A2600AC8549 /* Resources */,
			);
			buildRules = (
			);
			dependencies = (
			);
			name = ContentManager;
			productName = ContentManager;
			productReference = 8C3B880114420A2600AC8549 /* ContentManager.app */;
			productType = "com.apple.product-type.application";
		};
/* End PBXNativeTarget section */

/* Begin PBXProject section */
		8C3B87F814420A2600AC8549 /* Project object */ = {
			isa = PBXProject;
			buildConfigurationList = 8C3B87FB14420A2600AC8549 /* Build configuration list for PBXProject "ContentManager" */;
			compatibilityVersion = "Xcode 3.2";
			developmentRegion = English;
			hasScannedForEncodings = 0;
			knownRegions = (
				en,
			);
			mainGroup = 8C3B87F614420A2500AC8549;
			productRefGroup = 8C3B880214420A2600AC8549 /* Products */;
			projectDirPath = "";
			projectRoot = "";
			targets = (
				8C3B880014420A2600AC8549 /* ContentManager */,
			);
		};
/* End PBXProject section */

/* Begin PBXResourcesBuildPhase section */
		8C3B87FF14420A2600AC8549 /* Resources */ = {
			isa = PBXResourcesBuildPhase;
			buildActionMask = 2147483647;
			files = (
				8C3B881014420A2600AC8549 /* InfoPlist.strings in Resources */,
				8C3B881D14420A2600AC8549 /* MainWindow_iPhone.xib in Resources */,
				8C3B882414420A2600AC8549 /* MainWindow_iPad.xib in Resources */,
				8CEE4EE214423B9500779A13 /* rootViewController_iPhone.xib in Resources */,
				8CEE4EE714423E0F00779A13 /* rootViewController_iPad.xib in Resources */,
				8C84711714438383006FD57D /* Page1ViewController_iPhone.xib in Resources */,
				8C84711C14438620006FD57D /* Page1ViewController_iPad.xib in Resources */,
				8C8471241443895D006FD57D /* Page2ViewController_iPhone.xib in Resources */,
				8C84712914438976006FD57D /* Page2ViewController_iPad.xib in Resources */,
			);
			runOnlyForDeploymentPostprocessing = 0;
		};
/* End PBXResourcesBuildPhase section */

/* Begin PBXSourcesBuildPhase section */
		8C3B87FD14420A2600AC8549 /* Sources */ = {
			isa = PBXSourcesBuildPhase;
			buildActionMask = 2147483647;
			files = (
				8C3B881314420A2600AC8549 /* main.m in Sources */,
				8C3B881614420A2600AC8549 /* ContentManagerAppDelegate.m in Sources */,
				8C3B881A14420A2600AC8549 /* ContentManagerAppDelegate_iPhone.m in Sources */,
				8C3B882114420A2600AC8549 /* ContentManagerAppDelegate_iPad.m in Sources */,
				8C3B882E14420C4400AC8549 /* ContentManager.m in Sources */,
				8CEE4EDD14423B5700779A13 /* rootViewController.m in Sources */,
				8CEE4EE114423B9500779A13 /* rootViewController_iPhone.m in Sources */,
				8CEE4EE614423E0F00779A13 /* rootViewController_iPad.m in Sources */,
				8C84711214438367006FD57D /* Page1ViewController.m in Sources */,
				8C84711614438383006FD57D /* Page1ViewController_iPhone.m in Sources */,
				8C84711B14438620006FD57D /* Page1ViewController_iPad.m in Sources */,
				8C84711F14438942006FD57D /* Page2ViewController.m in Sources */,
				8C8471231443895D006FD57D /* Page2ViewController_iPhone.m in Sources */,
				8C84712814438976006FD57D /* Page2ViewController_iPad.m in Sources */,
			);
			runOnlyForDeploymentPostprocessing = 0;
		};
/* End PBXSourcesBuildPhase section */

/* Begin PBXVariantGroup section */
		8C3B880E14420A2600AC8549 /* InfoPlist.strings */ = {
			isa = PBXVariantGroup;
			children = (
				8C3B880F14420A2600AC8549 /* en */,
			);
			name = InfoPlist.strings;
			sourceTree = "<group>";
		};
		8C3B881B14420A2600AC8549 /* MainWindow_iPhone.xib */ = {
			isa = PBXVariantGroup;
			children = (
				8C3B881C14420A2600AC8549 /* en */,
			);
			name = MainWindow_iPhone.xib;
			sourceTree = "<group>";
		};
		8C3B882214420A2600AC8549 /* MainWindow_iPad.xib */ = {
			isa = PBXVariantGroup;
			children = (
				8C3B882314420A2600AC8549 /* en */,
			);
			name = MainWindow_iPad.xib;
			sourceTree = "<group>";
		};
/* End PBXVariantGroup section */

/* Begin XCBuildConfiguration section */
		8C3B882514420A2600AC8549 /* Debug */ = {
			isa = XCBuildConfiguration;
			buildSettings = {
				ARCHS = "$(ARCHS_STANDARD_32_BIT)";
				"CODE_SIGN_IDENTITY[sdk=iphoneos*]" = "iPhone Developer";
				GCC_C_LANGUAGE_STANDARD = gnu99;
				GCC_OPTIMIZATION_LEVEL = 0;
				GCC_PREPROCESSOR_DEFINITIONS = DEBUG;
				GCC_SYMBOLS_PRIVATE_EXTERN = NO;
				GCC_VERSION = com.apple.compilers.llvmgcc42;
				GCC_WARN_ABOUT_RETURN_TYPE = YES;
				GCC_WARN_UNUSED_VARIABLE = YES;
				IPHONEOS_DEPLOYMENT_TARGET = 4.3;
				SDKROOT = iphoneos;
				TARGETED_DEVICE_FAMILY = "1,2";
			};
			name = Debug;
		};
		8C3B882614420A2600AC8549 /* Release */ = {
			isa = XCBuildConfiguration;
			buildSettings = {
				ARCHS = "$(ARCHS_STANDARD_32_BIT)";
				"CODE_SIGN_IDENTITY[sdk=iphoneos*]" = "iPhone Developer";
				GCC_C_LANGUAGE_STANDARD = gnu99;
				GCC_VERSION = com.apple.compilers.llvmgcc42;
				GCC_WARN_ABOUT_RETURN_TYPE = YES;
				GCC_WARN_UNUSED_VARIABLE = YES;
				IPHONEOS_DEPLOYMENT_TARGET = 4.3;
				OTHER_CFLAGS = "-DNS_BLOCK_ASSERTIONS=1";
				SDKROOT = iphoneos;
				TARGETED_DEVICE_FAMILY = "1,2";
			};
			name = Release;
		};
		8C3B882814420A2600AC8549 /* Debug */ = {
			isa = XCBuildConfiguration;
			buildSettings = {
				ALWAYS_SEARCH_USER_PATHS = NO;
				COPY_PHASE_STRIP = NO;
				GCC_DYNAMIC_NO_PIC = NO;
				GCC_PRECOMPILE_PREFIX_HEADER = YES;
				GCC_PREFIX_HEADER = "ContentManager/ContentManager-Prefix.pch";
				INFOPLIST_FILE = "ContentManager/ContentManager-Info.plist";
				IPHONEOS_DEPLOYMENT_TARGET = 4.3;
				PRODUCT_NAME = "$(TARGET_NAME)";
				WRAPPER_EXTENSION = app;
			};
			name = Debug;
		};
		8C3B882914420A2600AC8549 /* Release */ = {
			isa = XCBuildConfiguration;
			buildSettings = {
				ALWAYS_SEARCH_USER_PATHS = NO;
				COPY_PHASE_STRIP = YES;
				GCC_PRECOMPILE_PREFIX_HEADER = YES;
				GCC_PREFIX_HEADER = "ContentManager/ContentManager-Prefix.pch";
				INFOPLIST_FILE = "ContentManager/ContentManager-Info.plist";
				IPHONEOS_DEPLOYMENT_TARGET = 4.3;
				PRODUCT_NAME = "$(TARGET_NAME)";
				VALIDATE_PRODUCT = YES;
				WRAPPER_EXTENSION = app;
			};
			name = Release;
		};
/* End XCBuildConfiguration section */

/* Begin XCConfigurationList section */
		8C3B87FB14420A2600AC8549 /* Build configuration list for PBXProject "ContentManager" */ = {
			isa = XCConfigurationList;
			buildConfigurations = (
				8C3B882514420A2600AC8549 /* Debug */,
				8C3B882614420A2600AC8549 /* Release */,
			);
			defaultConfigurationIsVisible = 0;
			defaultConfigurationName = Release;
		};
		8C3B882714420A2600AC8549 /* Build configuration list for PBXNativeTarget "ContentManager" */ = {
			isa = XCConfigurationList;
			buildConfigurations = (
				8C3B882814420A2600AC8549 /* Debug */,
				8C3B882914420A2600AC8549 /* Release */,
			);
			defaultConfigurationIsVisible = 0;
			defaultConfigurationName = Release;
		};
/* End XCConfigurationList section */
	};
	rootObject = 8C3B87F814420A2600AC8549 /* Project object */;
}
